<Project xmlns="http://schemas.microsoft.com/developer/msbuild/2003">
    <PropertyGroup>
        <ProjectGuid>{267F452D-3D5A-4DC4-9689-DC3AD3B3E923}</ProjectGuid>
        <ProjectVersion>15.3</ProjectVersion>
        <FrameworkType>VCL</FrameworkType>
        <MainSource>LeProdutoLoja.dpr</MainSource>
        <Base>True</Base>
        <Config Condition="'$(Config)'==''">Debug</Config>
        <Platform Condition="'$(Platform)'==''">Win32</Platform>
        <TargetedPlatforms>1</TargetedPlatforms>
        <AppType>Library</AppType>
    </PropertyGroup>
    <PropertyGroup Condition="'$(Config)'=='Base' or '$(Base)'!=''">
        <Base>true</Base>
    </PropertyGroup>
    <PropertyGroup Condition="('$(Platform)'=='Win32' and '$(Base)'=='true') or '$(Base_Win32)'!=''">
        <Base_Win32>true</Base_Win32>
        <CfgParent>Base</CfgParent>
        <Base>true</Base>
    </PropertyGroup>
    <PropertyGroup Condition="'$(Config)'=='Debug' or '$(Cfg_1)'!=''">
        <Cfg_1>true</Cfg_1>
        <CfgParent>Base</CfgParent>
        <Base>true</Base>
    </PropertyGroup>
    <PropertyGroup Condition="('$(Platform)'=='Win32' and '$(Cfg_1)'=='true') or '$(Cfg_1_Win32)'!=''">
        <Cfg_1_Win32>true</Cfg_1_Win32>
        <CfgParent>Cfg_1</CfgParent>
        <Cfg_1>true</Cfg_1>
        <Base>true</Base>
    </PropertyGroup>
    <PropertyGroup Condition="'$(Config)'=='Release' or '$(Cfg_2)'!=''">
        <Cfg_2>true</Cfg_2>
        <CfgParent>Base</CfgParent>
        <Base>true</Base>
    </PropertyGroup>
    <PropertyGroup Condition="('$(Platform)'=='Win32' and '$(Cfg_2)'=='true') or '$(Cfg_2_Win32)'!=''">
        <Cfg_2_Win32>true</Cfg_2_Win32>
        <CfgParent>Cfg_2</CfgParent>
        <Cfg_2>true</Cfg_2>
        <Base>true</Base>
    </PropertyGroup>
    <PropertyGroup Condition="'$(Base)'!=''">
        <DCC_UsePackage>DBXInterBaseDriver;DataSnapServer;DataSnapCommon;DbxCommonDriver;dbxcds;CustomIPTransport;dsnap;IndyCore;FmxTeeUI;bindcompfmx;dbrtl;bindcomp;inetdb;xmlrtl;ibxpress;soaprtl;FMXTee;bindengine;DBXInformixDriver;DBXFirebirdDriver;inet;DBXSybaseASADriver;dbexpress;fmx;IndySystem;DataSnapClient;DataSnapProviderClient;DBXOracleDriver;inetdbxpress;rtl;DbxClientDriver;IndyProtocols;DBXMySQLDriver;DataSnapIndy10ServerTransport;$(DCC_UsePackage)</DCC_UsePackage>
        <DCC_Namespace>System;Xml;Data;Datasnap;Web;Soap;Vcl;Vcl.Imaging;Vcl.Touch;Vcl.Samples;Vcl.Shell;$(DCC_Namespace)</DCC_Namespace>
        <GenDll>true</GenDll>
        <DCC_DcuOutput>.\$(Platform)\$(Config)</DCC_DcuOutput>
        <DCC_ExeOutput>.\$(Platform)\$(Config)</DCC_ExeOutput>
    </PropertyGroup>
    <PropertyGroup Condition="'$(Base_Win32)'!=''">
        <Debugger_HostApplication>C:\Program Files\Kyz Informatica\Autorizador Independente\Independ.exe</Debugger_HostApplication>
        <VerInfo_MajorVer>3</VerInfo_MajorVer>
        <VerInfo_MinorVer>1</VerInfo_MinorVer>
        <Manifest_File>None</Manifest_File>
        <VerInfo_Build>1</VerInfo_Build>
        <VerInfo_Release>1</VerInfo_Release>
        <DCC_Define>LPDLL;$(DCC_Define)</DCC_Define>
        <VerInfo_IncludeVerInfo>true</VerInfo_IncludeVerInfo>
        <DCC_Namespace>Winapi;System.Win;Data.Win;Datasnap.Win;Web.Win;Soap.Win;Xml.Win;Bde;$(DCC_Namespace)</DCC_Namespace>
        <DCC_UsePackage>fsADO16;prj_scanner_XE2;cxPageControlD16;dxComnD16;dxPSCoreD16;frxBDE16;dcldxSkinsCoreD16;cxSpreadSheetD16;dxSkinLiquidSkyD16;dxSkinSilverD16;dxSkinHighContrastD16;fsIBX16;vclimg;RtmRxCtl160;dxSkinOffice2010SilverD16;dxSkinOffice2010BlackD16;vcldb;cxPivotGridChartD16;dxRibbonD16;cxVerticalGridD16;dxSkinLilianD16;dxThemeD16;dxSkinBlueD16;cxSchedulerGridD16;cxTreeListdxBarPopupMenuD16;ACBr_MDFe;dxSkinOffice2010BlueD16;dxGDIPlusD16;CloudService;dxPSdxDBTVLnkD16;ACBr_NFe2;dxSkinTheAsphaltWorldD16;dxSkinSevenD16;cxTreeListD16;cxLibraryD16;dxPSdxDBOCLnkD16;dxPScxSchedulerLnkD16;dxSkinPumpkinD16;dxBarExtItemsD16;mydacvcl160;dxLayoutControlD16;dxDockingD16;ACBr_PAF;vcldbx;dxSkinXmas2008BlueD16;mydac160;dxSkinMcSkinD16;cxPivotGridD16;dxPSTeeChartD16;cxEditorsD16;fqb160;dxPScxCommonD16;DBXOdbcDriver;dxPSLnksD16;dxBarExtDBItemsD16;dxSkinsCoreD16;dxmdsD16;fsBDE16;frxDB16;intrawebdb_120_160;fs16;vclactnband;ACBrComum;synapse;bindcompvcl;dxSkinSummer2008D16;dxTabbedMDID16;vclie;dacvcl160;ACBr_TEFD;dxPSdxLCLnkD16;frxMyDacCompo;dxSkinSharpPlusD16;dxSkinBlackD16;dclfrxTee16;dsnapcon;PCN2;vclx;dxSkinsdxBarPainterD16;dxPScxTLLnkD16;cxSchedulerD16;frxIBX16;dxSkinValentineD16;dxSkinWhiteprintD16;cxPageControldxBarPopupMenuD16;RtmRxBDE160;ZComponent;dxSkinOffice2007SilverD16;dxPSdxFCLnkD16;ACBrDiversos;ACBrTCP;cxBarEditItemD16;TeeDB;dxNavBarD16;dxSkinSpringTimeD16;frxTee16;Rave100VCL;vclib;inetdbbde;dxPSDBTeeChartD16;dacfmx160;dxSkinOffice2007BlueD16;dxSkinsdxNavBarPainterD16;cxPivotGridOLAPD16;dxdbtrD16;dxSpellCheckerD16;DBXSybaseASEDriver;dxBarDBNavD16;dxSkinGlassOceansD16;ZMstr191DXE2;dxSkinStardustD16;dxCoreD16;dxorgcD16;mysqlmon160;vcldsnap;dac160;dxSkinDarkSideD16;dxSkinscxPCPainterD16;dxPScxExtCommonD16;DBXDb2Driver;Intraweb_120_160;frxADO16;vclribbon;frxe16;ACBr_SPED;dxdborD16;dxSkinscxSchedulerPainterD16;vcl;dxPSdxOCLnkD16;dxPScxSSLnkD16;DBXMSSQLDriver;CodeSiteExpressPkg;RtmRxDB160;dxSkinCoffeeD16;ACBr_Boleto;fsTee16;ACBr_Sintegra;dxSkinDarkRoomD16;dxPScxVGridLnkD16;dxPScxPivotGridLnkD16;webdsnap;ACBr_NFSe;dxBarD16;dxtrmdD16;dxPScxPCProdD16;dxSkiniMaginaryD16;ACBr_LFD;dxSkinDevExpressStyleD16;dxSkinOffice2007BlackD16;adortl;dxPScxGridLnkD16;dxSkinLondonLiquidSkyD16;frxDBX16;ACBrOpenSSL;ACBrCapicom;ZDbc;frx16;ACBrSerial;dxPsPrVwAdvD16;ZPlain;dxSkinOffice2007GreenD16;dxSkinSharpD16;crcontrols160;Tee;ACBr_CTe;dxSkinSevenClassicD16;svnui;dxSkinsdxDLPainterD16;FreeBoleto_D12_XE2;dxPSPrVwRibbonD16;dxSkinBlueprintD16;TeeUI;dxSkinMoneyTwinsD16;dxSkinDevExpressDarkStyleD16;ZCore;vcltouch;dxSkinCaramelD16;websnap;ACBrNFSeDanfseFRpkg;mydacfmx160;dxSkinFoggyD16;VclSmp;fsDB16;dxFlowChartD16;dxSkinsdxRibbonPainterD16;DataSnapConnectors;ACBrNFeDanfeFRpkg;dxSkinVS2010D16;cxGridD16;ZParseSql;dxSkinOffice2007PinkD16;svn;bdertl;Koplin;ACBrCTeDacteFRpkg;$(DCC_UsePackage)</DCC_UsePackage>
        <VerInfo_Locale>1033</VerInfo_Locale>
        <VerInfo_Keys>CompanyName=;FileDescription=;FileVersion=3.1.1.1;InternalName=;LegalCopyright=;LegalTrademarks=;OriginalFilename=;ProductName=;ProductVersion=1.0.0.0;Comments=</VerInfo_Keys>
    </PropertyGroup>
    <PropertyGroup Condition="'$(Cfg_1)'!=''">
        <DCC_Define>DEBUG;$(DCC_Define)</DCC_Define>
        <DCC_Optimize>false</DCC_Optimize>
        <DCC_GenerateStackFrames>true</DCC_GenerateStackFrames>
        <DCC_DebugInfoInExe>true</DCC_DebugInfoInExe>
        <DCC_RemoteDebug>true</DCC_RemoteDebug>
    </PropertyGroup>
    <PropertyGroup Condition="'$(Cfg_1_Win32)'!=''">
        <Debugger_HostApplication>C:\Arquivos de programas\kyz Informatica\Autorizador Independente\Independ.exe</Debugger_HostApplication>
        <Debugger_CWD>Z:\E\PROJETOSXE2\bin</Debugger_CWD>
        <Debugger_DebugSourcePath>Z:\E\PROJETOSXE2\bin;$(Debugger_DebugSourcePath)</Debugger_DebugSourcePath>
        <DCC_BplOutput>DCU</DCC_BplOutput>
        <VerInfo_IncludeVerInfo>true</VerInfo_IncludeVerInfo>
        <DCC_Define>VIDALINK;LEPRODLOJA;$(DCC_Define)</DCC_Define>
        <VerInfo_Locale>1033</VerInfo_Locale>
        <Manifest_File>None</Manifest_File>
        <DCC_ExeOutput>Z:\E\PROJETOSXE5\bin</DCC_ExeOutput>
        <DCC_RemoteDebug>false</DCC_RemoteDebug>
    </PropertyGroup>
    <PropertyGroup Condition="'$(Cfg_2)'!=''">
        <DCC_LocalDebugSymbols>false</DCC_LocalDebugSymbols>
        <DCC_Define>RELEASE;$(DCC_Define)</DCC_Define>
        <DCC_SymbolReferenceInfo>0</DCC_SymbolReferenceInfo>
        <DCC_DebugInformation>0</DCC_DebugInformation>
    </PropertyGroup>
    <PropertyGroup Condition="'$(Cfg_2_Win32)'!=''">
        <Manifest_File>None</Manifest_File>
        <VerInfo_IncludeVerInfo>true</VerInfo_IncludeVerInfo>
        <VerInfo_Locale>1033</VerInfo_Locale>
        <Debugger_HostApplication>C:\Arquivos de programas\kyz Informatica\Autorizador Independente\Independ.exe</Debugger_HostApplication>
    </PropertyGroup>
    <ItemGroup>
        <DelphiCompile Include="$(MainSource)">
            <MainSource>MainSource</MainSource>
        </DelphiCompile>
        <DCCReference Include="..\..\COMUM\FastShareMem.pas"/>
        <DCCReference Include="..\..\COMUM\udm_ini.pas">
            <Form>DM_INI</Form>
            <FormType>dfm</FormType>
            <DesignClass>TDataModule</DesignClass>
        </DCCReference>
        <DCCReference Include="..\..\COMUM\uFuncoes.pas"/>
        <DCCReference Include="..\..\COMUM\uMD5Print.pas"/>
        <DCCReference Include="..\..\GERENCIAL\uDM.pas">
            <Form>DM</Form>
            <FormType>dfm</FormType>
            <DesignClass>TDataModule</DesignClass>
        </DCCReference>
        <DCCReference Include="..\..\COMUM\uAutocomConsts.pas"/>
        <DCCReference Include="..\..\COMUM\uConsts.pas"/>
        <DCCReference Include="..\..\COMUM\uTraducao.pas"/>
        <BuildConfiguration Include="Release">
            <Key>Cfg_2</Key>
            <CfgParent>Base</CfgParent>
        </BuildConfiguration>
        <BuildConfiguration Include="Base">
            <Key>Base</Key>
        </BuildConfiguration>
        <BuildConfiguration Include="Debug">
            <Key>Cfg_1</Key>
            <CfgParent>Base</CfgParent>
        </BuildConfiguration>
    </ItemGroup>
    <ProjectExtensions>
        <Borland.Personality>Delphi.Personality.12</Borland.Personality>
        <Borland.ProjectType/>
        <BorlandProject>
            <Delphi.Personality>
                <VersionInfo>
                    <VersionInfo Name="IncludeVerInfo">False</VersionInfo>
                    <VersionInfo Name="AutoIncBuild">False</VersionInfo>
                    <VersionInfo Name="MajorVer">1</VersionInfo>
                    <VersionInfo Name="MinorVer">0</VersionInfo>
                    <VersionInfo Name="Release">0</VersionInfo>
                    <VersionInfo Name="Build">0</VersionInfo>
                    <VersionInfo Name="Debug">False</VersionInfo>
                    <VersionInfo Name="PreRelease">False</VersionInfo>
                    <VersionInfo Name="Special">False</VersionInfo>
                    <VersionInfo Name="Private">False</VersionInfo>
                    <VersionInfo Name="DLL">False</VersionInfo>
                    <VersionInfo Name="Locale">1046</VersionInfo>
                    <VersionInfo Name="CodePage">1252</VersionInfo>
                </VersionInfo>
                <VersionInfoKeys>
                    <VersionInfoKeys Name="CompanyName"/>
                    <VersionInfoKeys Name="FileDescription"/>
                    <VersionInfoKeys Name="FileVersion">1.0.0.0</VersionInfoKeys>
                    <VersionInfoKeys Name="InternalName"/>
                    <VersionInfoKeys Name="LegalCopyright"/>
                    <VersionInfoKeys Name="LegalTrademarks"/>
                    <VersionInfoKeys Name="OriginalFilename"/>
                    <VersionInfoKeys Name="ProductName"/>
                    <VersionInfoKeys Name="ProductVersion">1.0.0.0</VersionInfoKeys>
                    <VersionInfoKeys Name="Comments"/>
                </VersionInfoKeys>
                <Excluded_Packages>
                    <Excluded_Packages Name="C:\Users\Public\Documents\RAD Studio\12.0\Bpl\frx19.bpl">(untitled)</Excluded_Packages>
                    <Excluded_Packages Name="C:\Users\Public\Documents\RAD Studio\12.0\Bpl\frxADO19.bpl">(untitled)</Excluded_Packages>
                    <Excluded_Packages Name="C:\Users\Public\Documents\RAD Studio\12.0\Bpl\frxBDE19.bpl">(untitled)</Excluded_Packages>
                    <Excluded_Packages Name="C:\Users\Public\Documents\RAD Studio\12.0\Bpl\frxcs19.bpl">(untitled)</Excluded_Packages>
                    <Excluded_Packages Name="C:\Users\Public\Documents\RAD Studio\12.0\Bpl\frxDB19.bpl">(untitled)</Excluded_Packages>
                    <Excluded_Packages Name="C:\Users\Public\Documents\RAD Studio\12.0\Bpl\frxDBX19.bpl">(untitled)</Excluded_Packages>
                    <Excluded_Packages Name="C:\Users\Public\Documents\RAD Studio\12.0\Bpl\frxe19.bpl">(untitled)</Excluded_Packages>
                    <Excluded_Packages Name="C:\Users\Public\Documents\RAD Studio\12.0\Bpl\frxIBX19.bpl">(untitled)</Excluded_Packages>
                    <Excluded_Packages Name="C:\Users\Public\Documents\RAD Studio\12.0\Bpl\frxTee19.bpl">(untitled)</Excluded_Packages>
                    <Excluded_Packages Name="C:\Users\Public\Documents\RAD Studio\12.0\Bpl\fs19.bpl">(untitled)</Excluded_Packages>
                    <Excluded_Packages Name="C:\Users\Public\Documents\RAD Studio\12.0\Bpl\fsADO19.bpl">(untitled)</Excluded_Packages>
                    <Excluded_Packages Name="C:\Users\Public\Documents\RAD Studio\12.0\Bpl\fsBDE19.bpl">(untitled)</Excluded_Packages>
                    <Excluded_Packages Name="C:\Users\Public\Documents\RAD Studio\12.0\Bpl\fsDB19.bpl">(untitled)</Excluded_Packages>
                    <Excluded_Packages Name="C:\Users\Public\Documents\RAD Studio\12.0\Bpl\fsIBX19.bpl">(untitled)</Excluded_Packages>
                    <Excluded_Packages Name="C:\Users\Public\Documents\RAD Studio\12.0\Bpl\fsTee19.bpl">(untitled)</Excluded_Packages>
                    <Excluded_Packages Name="C:\Users\Public\Documents\RAD Studio\12.0\Bpl\dxCoreRS19.bpl">ExpressCoreLibrary by Developer Express Inc.</Excluded_Packages>
                    <Excluded_Packages Name="C:\Users\Public\Documents\RAD Studio\12.0\Bpl\dxGDIPlusRS19.bpl">ExpressGDI+ Library by Developer Express Inc.</Excluded_Packages>
                    <Excluded_Packages Name="C:\Users\Public\Documents\RAD Studio\12.0\Bpl\dxThemeRS19.bpl">Express XP Theme Manager by Developer Express Inc.</Excluded_Packages>
                    <Excluded_Packages Name="C:\Users\Public\Documents\RAD Studio\12.0\Bpl\dxBarRS19.bpl">ExpressBars by Developer Express Inc.</Excluded_Packages>
                    <Excluded_Packages Name="C:\Users\Public\Documents\RAD Studio\12.0\Bpl\dxComnRS19.bpl">ExpressCommonLibrary by Developer Express Inc.</Excluded_Packages>
                    <Excluded_Packages Name="C:\Users\Public\Documents\RAD Studio\12.0\Bpl\dxLayoutControlRS19.bpl">ExpressLayout Control by Developer Express Inc.</Excluded_Packages>
                    <Excluded_Packages Name="C:\Users\Public\Documents\RAD Studio\12.0\Bpl\dxServerModeRS19.bpl">ExpressDataController Server Mode by Developer Express Inc.</Excluded_Packages>
                    <Excluded_Packages Name="C:\Users\Public\Documents\RAD Studio\12.0\Bpl\dxmdsRS19.bpl">ExpressMemData by Developer Express Inc.</Excluded_Packages>
                    <Excluded_Packages Name="C:\Users\Public\Documents\RAD Studio\12.0\Bpl\fqb190.bpl">FastQueryBuilder 1.03</Excluded_Packages>
                    <Excluded_Packages Name="C:\Users\Public\Documents\RAD Studio\12.0\Bpl\dxADOServerModeRS19.bpl">ADO Data Source for ExpressDataController Server Mode by Developer Express Inc.</Excluded_Packages>
                    <Excluded_Packages Name="C:\Users\Public\Documents\RAD Studio\12.0\Bpl\dxBarDBNavRS19.bpl">ExpressBars DBNavigator by Developer Express Inc.</Excluded_Packages>
                    <Excluded_Packages Name="C:\Users\Public\Documents\RAD Studio\12.0\Bpl\dxBarExtDBItemsRS19.bpl">ExpressBars extended DB items by Developer Express Inc.</Excluded_Packages>
                    <Excluded_Packages Name="C:\Users\Public\Documents\RAD Studio\12.0\Bpl\dxBarExtItemsRS19.bpl">ExpressBars extended items by Developer Express Inc.</Excluded_Packages>
                    <Excluded_Packages Name="C:\Users\Public\Documents\RAD Studio\12.0\Bpl\dxorgcRS19.bpl">ExpressOrgChart by Developer Express Inc.</Excluded_Packages>
                    <Excluded_Packages Name="C:\Users\Public\Documents\RAD Studio\12.0\Bpl\dxdborRS19.bpl">ExpressDBOrgChart by Developer Express Inc.</Excluded_Packages>
                    <Excluded_Packages Name="C:\Users\Public\Documents\RAD Studio\12.0\Bpl\dxdbtrRS19.bpl">ExpressDBTree by Developer Express Inc.</Excluded_Packages>
                    <Excluded_Packages Name="C:\Users\Public\Documents\RAD Studio\12.0\Bpl\dxDBXServerModeRS19.bpl">dbExpress Data Source for ExpressDataController Server Mode by Developer Express Inc.</Excluded_Packages>
                    <Excluded_Packages Name="C:\Users\Public\Documents\RAD Studio\12.0\Bpl\dxDockingRS19.bpl">ExpressDocking Library by Developer Express Inc.</Excluded_Packages>
                    <Excluded_Packages Name="C:\Users\Public\Documents\RAD Studio\12.0\Bpl\dxFireDACServerModeRS19.bpl">FireDAC Data Source for ExpressDataController Server Mode by Developer Express Inc.</Excluded_Packages>
                    <Excluded_Packages Name="C:\Users\Public\Documents\RAD Studio\12.0\Bpl\dxFlowChartRS19.bpl">ExpressFlowChart by Developer Express Inc.</Excluded_Packages>
                    <Excluded_Packages Name="C:\Users\Public\Documents\RAD Studio\12.0\Bpl\dxNavBarRS19.bpl">ExpressNavBar by Developer Express Inc.</Excluded_Packages>
                    <Excluded_Packages Name="C:\Users\Public\Documents\RAD Studio\12.0\Bpl\dxPSCoreRS19.bpl">ExpressPrinting System by Developer Express Inc.</Excluded_Packages>
                    <Excluded_Packages Name="C:\Users\Public\Documents\RAD Studio\12.0\Bpl\dxPScxCommonRS19.bpl">ExpressPrinting System Cross Platform Library by Developer Express Inc.</Excluded_Packages>
                    <Excluded_Packages Name="C:\Users\Public\Documents\RAD Studio\12.0\Bpl\dxPSLnksRS19.bpl">ExpressPrinting System ReportLinks (Standard) by Developer Express Inc.</Excluded_Packages>
                    <Excluded_Packages Name="C:\Users\Public\Documents\RAD Studio\12.0\Bpl\dxPScxExtCommonRS19.bpl">ExpressPrinting System Extended Cross Platform Library by Developer Express Inc.</Excluded_Packages>
                    <Excluded_Packages Name="C:\Users\Public\Documents\RAD Studio\12.0\Bpl\dxPScxGridLnkRS19.bpl">ExpressPrinting System ReportLink for ExpressQuantumGrid by Developer Express Inc.</Excluded_Packages>
                    <Excluded_Packages Name="C:\Users\Public\Documents\RAD Studio\12.0\Bpl\dxPSdxLCLnkRS19.bpl">ExpressPrinting System ReportLink for ExpressLayoutControl by Developer Express Inc.</Excluded_Packages>
                    <Excluded_Packages Name="C:\Users\Public\Documents\RAD Studio\12.0\Bpl\dxPScxPivotGridLnkRS19.bpl">ExpressPrinting System ReportLink for ExpressPivotGrid by Developer Express Inc.</Excluded_Packages>
                    <Excluded_Packages Name="C:\Users\Public\Documents\RAD Studio\12.0\Bpl\dxPScxSchedulerLnkRS19.bpl">ExpressPrinting System ReportLink for ExpressScheduler by Developer Express Inc.</Excluded_Packages>
                    <Excluded_Packages Name="C:\Users\Public\Documents\RAD Studio\12.0\Bpl\dxPScxSSLnkRS19.bpl">ExpressPrinting System ReportLink for ExpressSpreadSheet by Developer Express Inc.</Excluded_Packages>
                    <Excluded_Packages Name="C:\Users\Public\Documents\RAD Studio\12.0\Bpl\dxPScxTLLnkRS19.bpl">ExpressPrinting System ReportLink for ExpressQuantumTreeList by Developer Express Inc.</Excluded_Packages>
                    <Excluded_Packages Name="C:\Users\Public\Documents\RAD Studio\12.0\Bpl\dxPScxVGridLnkRS19.bpl">ExpressPrinting System ReportLink for ExpressVerticalGrid by Developer Express Inc.</Excluded_Packages>
                    <Excluded_Packages Name="C:\Users\Public\Documents\RAD Studio\12.0\Bpl\dxPSDBTeeChartRS19.bpl">ExpressPrinting System ReportLink for DBTeeChart by Developer Express Inc.</Excluded_Packages>
                    <Excluded_Packages Name="C:\Users\Public\Documents\RAD Studio\12.0\Bpl\dxPSTeeChartRS19.bpl">ExpressPrinting System ReportLink for TeeChart by Developer Express Inc.</Excluded_Packages>
                    <Excluded_Packages Name="C:\Users\Public\Documents\RAD Studio\12.0\Bpl\dxPSdxDBOCLnkRS19.bpl">ExpressPrinting System ReportLinks for ExpressDBOrgChart by Developer Express Inc.</Excluded_Packages>
                    <Excluded_Packages Name="C:\Users\Public\Documents\RAD Studio\12.0\Bpl\dxPSdxOCLnkRS19.bpl">ExpressPrinting System ReportLinks for ExpressOrgChart by Developer Express Inc.</Excluded_Packages>
                    <Excluded_Packages Name="C:\Users\Public\Documents\RAD Studio\12.0\Bpl\dxPSdxDBTVLnkRS19.bpl">ExpressPrinting System ReportLink for ExpressDBTree by Developer Express Inc.</Excluded_Packages>
                    <Excluded_Packages Name="C:\Users\Public\Documents\RAD Studio\12.0\Bpl\dxPSdxFCLnkRS19.bpl">ExpressPrinting System ReportLinks for ExpressFlowChart by Developer Express Inc.</Excluded_Packages>
                    <Excluded_Packages Name="C:\Users\Public\Documents\RAD Studio\12.0\Bpl\dxPsPrVwAdvRS19.bpl">ExpressPrinting System Advanced Preview Window by Developer Express Inc.</Excluded_Packages>
                    <Excluded_Packages Name="C:\Users\Public\Documents\RAD Studio\12.0\Bpl\dxPSPrVwRibbonRS19.bpl">ExpressPrinting System Ribbon Preview Window by Developer Express Inc.</Excluded_Packages>
                    <Excluded_Packages Name="C:\Users\Public\Documents\RAD Studio\12.0\Bpl\dxRibbonRS19.bpl">ExpressBars Ribbon controls by Developer Express Inc.</Excluded_Packages>
                    <Excluded_Packages Name="C:\Users\Public\Documents\RAD Studio\12.0\Bpl\dxSkinsCoreRS19.bpl">ExpressSkins Library by Developer Express Inc.</Excluded_Packages>
                    <Excluded_Packages Name="C:\Users\Public\Documents\RAD Studio\12.0\Bpl\dxSpellCheckerRS19.bpl">ExpressSpellChecker 2 by Developer Express Inc.</Excluded_Packages>
                    <Excluded_Packages Name="C:\Users\Public\Documents\RAD Studio\12.0\Bpl\dxTabbedMDIRS19.bpl">ExpressBars Tabbed MDI by Developer Express Inc.</Excluded_Packages>
                    <Excluded_Packages Name="C:\Users\Public\Documents\RAD Studio\12.0\Bpl\dxTileControlRS19.bpl">ExpressTileControl by Developer Express Inc.</Excluded_Packages>
                    <Excluded_Packages Name="C:\Users\Public\Documents\RAD Studio\12.0\Bpl\dxtrmdRS19.bpl">ExpressTreePrintedDataSet by Developer Express Inc.</Excluded_Packages>
                    <Excluded_Packages Name="$(BDSBIN)\dcloffice2k190.bpl">Microsoft Office 2000 Sample Automation Server Wrapper Components</Excluded_Packages>
                    <Excluded_Packages Name="$(BDSBIN)\dclofficexp190.bpl">Microsoft Office XP Sample Automation Server Wrapper Components</Excluded_Packages>
                </Excluded_Packages>
                <Source>
                    <Source Name="MainSource">LeProdutoLoja.dpr</Source>
                </Source>
            </Delphi.Personality>
            <Deployment/>
            <Platforms>
                <Platform value="Win32">True</Platform>
            </Platforms>
        </BorlandProject>
        <ProjectFileVersion>12</ProjectFileVersion>
    </ProjectExtensions>
    <Import Condition="Exists('$(BDS)\Bin\CodeGear.Delphi.Targets')" Project="$(BDS)\Bin\CodeGear.Delphi.Targets"/>
    <Import Condition="Exists('$(APPDATA)\Embarcadero\$(BDSAPPDATABASEDIR)\$(PRODUCTVERSION)\UserTools.proj')" Project="$(APPDATA)\Embarcadero\$(BDSAPPDATABASEDIR)\$(PRODUCTVERSION)\UserTools.proj"/>
</Project>
