<Project xmlns="http://schemas.microsoft.com/developer/msbuild/2003">
    <PropertyGroup>
        <ProjectGuid>{7D0DFE04-5CBA-44BE-B246-ED0135D60FE9}</ProjectGuid>
        <ProjectVersion>18.2</ProjectVersion>
        <FrameworkType>VCL</FrameworkType>
        <MainSource>softlock.dpr</MainSource>
        <Base>True</Base>
        <Config Condition="'$(Config)'==''">Debug</Config>
        <Platform Condition="'$(Platform)'==''">Win32</Platform>
        <TargetedPlatforms>1</TargetedPlatforms>
        <AppType>Library</AppType>
    </PropertyGroup>
    <PropertyGroup Condition="'$(Config)'=='Base' or '$(Base)'!=''">
        <Base>true</Base>
    </PropertyGroup>
    <PropertyGroup Condition="('$(Platform)'=='Win32' and '$(Base)'=='true') or '$(Base_Win32)'!=''">
        <Base_Win32>true</Base_Win32>
        <CfgParent>Base</CfgParent>
        <Base>true</Base>
    </PropertyGroup>
    <PropertyGroup Condition="('$(Platform)'=='Win64' and '$(Base)'=='true') or '$(Base_Win64)'!=''">
        <Base_Win64>true</Base_Win64>
        <CfgParent>Base</CfgParent>
        <Base>true</Base>
    </PropertyGroup>
    <PropertyGroup Condition="'$(Config)'=='Debug' or '$(Cfg_1)'!=''">
        <Cfg_1>true</Cfg_1>
        <CfgParent>Base</CfgParent>
        <Base>true</Base>
    </PropertyGroup>
    <PropertyGroup Condition="('$(Platform)'=='Win32' and '$(Cfg_1)'=='true') or '$(Cfg_1_Win32)'!=''">
        <Cfg_1_Win32>true</Cfg_1_Win32>
        <CfgParent>Cfg_1</CfgParent>
        <Cfg_1>true</Cfg_1>
        <Base>true</Base>
    </PropertyGroup>
    <PropertyGroup Condition="'$(Config)'=='Release' or '$(Cfg_2)'!=''">
        <Cfg_2>true</Cfg_2>
        <CfgParent>Base</CfgParent>
        <Base>true</Base>
    </PropertyGroup>
    <PropertyGroup Condition="'$(Base)'!=''">
        <VerInfo_Locale>1046</VerInfo_Locale>
        <VerInfo_Keys>CompanyName=;FileDescription=;FileVersion=1.0.0.0;InternalName=;LegalCopyright=;LegalTrademarks=;OriginalFilename=;ProductName=;ProductVersion=1.0.0.0;Comments=</VerInfo_Keys>
        <Manifest_File>None</Manifest_File>
        <GenDll>true</GenDll>
        <DCC_Namespace>System;Xml;Data;Datasnap;Web;Soap;Vcl;Vcl.Imaging;Vcl.Touch;Vcl.Samples;Vcl.Shell;$(DCC_Namespace)</DCC_Namespace>
        <DCC_DcuOutput>DCU</DCC_DcuOutput>
        <DCC_ExeOutput>E:\PROJETOSXE4\bin\</DCC_ExeOutput>
        <DCC_E>false</DCC_E>
        <DCC_N>false</DCC_N>
        <DCC_S>false</DCC_S>
        <DCC_F>false</DCC_F>
        <DCC_K>false</DCC_K>
        <SanitizedProjectName>softlock</SanitizedProjectName>
    </PropertyGroup>
    <PropertyGroup Condition="'$(Base_Win32)'!=''">
        <Debugger_HostApplication>E:\PROJETOSXE4\bin\Gerencial.exe</Debugger_HostApplication>
        <VerInfo_IncludeVerInfo>true</VerInfo_IncludeVerInfo>
        <DCC_UsePackage>dxBarRS18;dxPSCoreRS18;dxPScxPCProdRS18;prj_scanner_XE2;dxSkinOffice2007GreenRS18;AnyDAC_PhysODBC_D18;dxSkinBlueRS18;cxTreeListRS18;frxDB18;AnyDAC_ComI_D18;dxDockingRS18;frxDBX18;dxThemeRS18;dxPSdxOCLnkRS18;dxSkinsdxRibbonPainterRS18;AnyDAC_PhysIB_D18;dxSkinOffice2007BlueRS18;DBXInterBaseDriver;DataSnapServer;DataSnapCommon;cxTreeListdxBarPopupMenuRS18;dxSkinsdxBarPainterRS18;fsIBX18;DbxCommonDriver;vclimg;dbxcds;DatasnapConnectorsFreePascal;dxSkinscxPCPainterRS18;vcldb;dxSkinDarkRoomRS18;cxExportRS18;AnyDAC_PhysMSAcc_D18;dcldxSkinsCoreRS18;frxADO18;CustomIPTransport;dxSkinBlueprintRS18;dsnap;IndyIPServer;ACBr_MDFe;dxSkinOffice2010BlueRS18;IndyCore;cxVerticalGridRS18;CloudService;dxPSdxDBOCLnkRS18;FmxTeeUI;AnyDAC_PhysMSSQL_D18;ACBr_NFe2;AnyDAC_PhysOracle_D18;dxADOServerModeRS18;dxSkinDarkSideRS18;dxPScxExtCommonRS18;cxEditorsRS18;cxPageControldxBarPopupMenuRS18;cxSchedulerRS18;dxSpellCheckerRS18;dxPScxVGridLnkRS18;dxSkinSharpPlusRS18;dxSkinValentineRS18;dxRibbonRS18;AnyDAC_Phys_D18;dxSkinGlassOceansRS18;AnyDAC_Comp_D18;bindcompfmx;ACBr_PAF;vcldbx;cxBarEditItemRS18;cxPageControlRS18;dxSkinSharpRS18;dbrtl;dxSkinDevExpressDarkStyleRS18;bindcomp;inetdb;dxSkinXmas2008BlueRS18;DBXOdbcDriver;fsADO18;xmlrtl;ibxpress;dxBarExtItemsRS18;frxe18;dxSkinLiquidSkyRS18;dxSkinPumpkinRS18;vclactnband;bindengine;soaprtl;FMXTee;ACBrComum;synapse;bindcompvcl;dxPsPrVwAdvRS18;cxSpreadSheetRS18;cxPivotGridRS18;vclie;dxmdsRS18;ACBr_TEFD;AnyDAC_PhysASA_D18;dxBarDBNavRS18;dxTileControlRS18;dxComnRS18;dxBarExtDBItemsRS18;DBXInformixDriver;dxPScxSchedulerLnkRS18;Intraweb;ZipMasterR;fsTee18;dxNavBarRS18;dsnapcon;DBXFirebirdDriver;PCN2;inet;dxPSTeeChartRS18;dxSkinscxSchedulerPainterRS18;dxPScxCommonRS18;dxSkinWhiteprintRS18;vclx;DBXSybaseASADriver;dxorgcRS18;dbexpress;dxSkinOffice2007BlackRS18;dxSkinSummer2008RS18;AnyDAC_PhysDb2_D18;IndyIPClient;dxSkinBlackRS18;dxGDIPlusRS18;AnyDAC_PhysADS_D18;frxcs18;dxSkinCoffeeRS18;AnyDAC_GUIxForms_D18;dxLayoutControlRS18;dxSkinMoneyTwinsRS18;dxSkinVS2010RS18;DBXSqliteDriver;ACBrDiversos;ACBrTCP;AnyDAC_PhysTDBX_D18;fmx;IndySystem;TeeDB;frx18;inetdbbde;vclib;DataSnapClient;dxPScxTLLnkRS18;cxSchedulerGridRS18;dxtrmdRS18;DataSnapProviderClient;DBXSybaseASEDriver;RtmRxBDE170;dxSkinSilverRS18;dxTabbedMDIRS18;MetropolisUILiveTile;dxPSLnksRS18;vcldsnap;dxPScxPivotGridLnkRS18;DBXDb2Driver;dxPScxSSLnkRS18;dxSkinOffice2010SilverRS18;DBXOracleDriver;dxServerModeRS18;vclribbon;ACBr_SPED;AnyDAC_PhysPg_D18;dxdborRS18;dxSkinsdxDLPainterRS18;fmxase;vcl;IndyIPCommon;DBXMSSQLDriver;CodeSiteExpressPkg;cxPivotGridChartRS18;ACBr_Boleto;frxBDE18;ACBr_Sintegra;inetdbxpress;webdsnap;ACBr_NFSe;AnyDAC_PhysMySQL_D18;dxPScxGridLnkRS18;cxLibraryRS18;dxSkinsCoreRS18;ACBr_LFD;dxSkinLondonLiquidSkyRS18;adortl;dxSkinDevExpressStyleRS18;RtmRxCtl170;dxSkinSpringTimeRS18;dxSkinTheAsphaltWorldRS18;dxSkinHighContrastRS18;dxPSdxDBTVLnkRS18;ACBrOpenSSL;dxSkinCaramelRS18;dxSkinOffice2007SilverRS18;ACBrCapicom;ACBr_BoletoFC_FR;fs18;rtl;ACBrSerial;DbxClientDriver;Tee;dxSkinStardustRS18;ACBr_CTe;svnui;dxDBXServerModeRS18;IndyProtocols;DBXMySQLDriver;dxSkiniMaginaryRS18;dxFlowChartRS18;bindcompdbx;TeeUI;dxSkinMcSkinRS18;vcltouch;dxPSPrVwRibbonRS18;dxPSdxFCLnkRS18;dxSkinOffice2007PinkRS18;VclSmp;cxGridRS18;dxSkinSevenRS18;dxSkinOffice2010BlackRS18;DataSnapConnectors;dxPSDBTeeChartRS18;dxdbtrRS18;frxIBX18;fsDB18;ACBrNFeDanfeFRpkg;AnyDAC_PhysSQLITE_D18;fmxobj;dxCoreRS18;dxSkinFoggyRS18;dxSkinsdxNavBarPainterRS18;dxSkinSevenClassicRS18;svn;fsBDE18;dxPSdxLCLnkRS18;fmxdae;cxPivotGridOLAPRS18;cxDataRS18;dxSkinLilianRS18;bdertl;frxTee18;ACBrCTeDacteFRpkg;Koplin;DataSnapIndy10ServerTransport;RtmRxDB170;$(DCC_UsePackage)</DCC_UsePackage>
        <VerInfo_Keys>CompanyName=;FileVersion=1.0.0.0;InternalName=;LegalCopyright=;LegalTrademarks=;OriginalFilename=;ProductVersion=1.0.0.0;Comments=;ProgramID=com.embarcadero.$(MSBuildProjectName);FileDescription=$(MSBuildProjectName);ProductName=$(MSBuildProjectName)</VerInfo_Keys>
        <DCC_Namespace>Winapi;System.Win;Data.Win;Datasnap.Win;Web.Win;Soap.Win;Xml.Win;Bde;$(DCC_Namespace)</DCC_Namespace>
        <VerInfo_Locale>1033</VerInfo_Locale>
    </PropertyGroup>
    <PropertyGroup Condition="'$(Base_Win64)'!=''">
        <DCC_UsePackage>dxBarRS18;dxPSCoreRS18;AnyDAC_PhysODBC_D18;cxTreeListRS18;AnyDAC_ComI_D18;dxDockingRS18;dxThemeRS18;dxPSdxOCLnkRS18;AnyDAC_PhysIB_D18;DBXInterBaseDriver;DataSnapServer;DataSnapCommon;cxTreeListdxBarPopupMenuRS18;DbxCommonDriver;vclimg;dbxcds;DatasnapConnectorsFreePascal;vcldb;cxExportRS18;AnyDAC_PhysMSAcc_D18;CustomIPTransport;dsnap;IndyIPServer;IndyCore;cxVerticalGridRS18;CloudService;dxPSdxDBOCLnkRS18;FmxTeeUI;AnyDAC_PhysMSSQL_D18;AnyDAC_PhysOracle_D18;dxADOServerModeRS18;dxPScxExtCommonRS18;cxEditorsRS18;cxPageControldxBarPopupMenuRS18;cxSchedulerRS18;dxSpellCheckerRS18;dxPScxVGridLnkRS18;dxRibbonRS18;AnyDAC_Phys_D18;AnyDAC_Comp_D18;bindcompfmx;cxBarEditItemRS18;cxPageControlRS18;dbrtl;bindcomp;inetdb;DBXOdbcDriver;xmlrtl;ibxpress;dxBarExtItemsRS18;vclactnband;bindengine;soaprtl;FMXTee;bindcompvcl;dxPsPrVwAdvRS18;cxSpreadSheetRS18;cxPivotGridRS18;vclie;dxmdsRS18;AnyDAC_PhysASA_D18;dxBarDBNavRS18;dxTileControlRS18;dxComnRS18;dxBarExtDBItemsRS18;DBXInformixDriver;dxPScxSchedulerLnkRS18;Intraweb;dxNavBarRS18;dsnapcon;DBXFirebirdDriver;inet;dxPSTeeChartRS18;dxPScxCommonRS18;vclx;DBXSybaseASADriver;dxorgcRS18;dbexpress;AnyDAC_PhysDb2_D18;IndyIPClient;dxGDIPlusRS18;AnyDAC_PhysADS_D18;AnyDAC_GUIxForms_D18;dxLayoutControlRS18;DBXSqliteDriver;AnyDAC_PhysTDBX_D18;fmx;IndySystem;TeeDB;vclib;DataSnapClient;dxPScxTLLnkRS18;cxSchedulerGridRS18;dxtrmdRS18;DataSnapProviderClient;DBXSybaseASEDriver;dxTabbedMDIRS18;MetropolisUILiveTile;dxPSLnksRS18;vcldsnap;dxPScxPivotGridLnkRS18;DBXDb2Driver;dxPScxSSLnkRS18;DBXOracleDriver;dxServerModeRS18;vclribbon;AnyDAC_PhysPg_D18;dxdborRS18;fmxase;vcl;IndyIPCommon;DBXMSSQLDriver;cxPivotGridChartRS18;inetdbxpress;webdsnap;AnyDAC_PhysMySQL_D18;dxPScxGridLnkRS18;cxLibraryRS18;dxSkinsCoreRS18;adortl;dxPSdxDBTVLnkRS18;rtl;DbxClientDriver;Tee;dxDBXServerModeRS18;IndyProtocols;DBXMySQLDriver;dxFlowChartRS18;bindcompdbx;TeeUI;vcltouch;dxPSPrVwRibbonRS18;dxPSdxFCLnkRS18;VclSmp;cxGridRS18;DataSnapConnectors;dxPSDBTeeChartRS18;dxdbtrRS18;AnyDAC_PhysSQLITE_D18;fmxobj;dxCoreRS18;dxPSdxLCLnkRS18;fmxdae;cxPivotGridOLAPRS18;cxDataRS18;DataSnapIndy10ServerTransport;$(DCC_UsePackage)</DCC_UsePackage>
    </PropertyGroup>
    <PropertyGroup Condition="'$(Cfg_1)'!=''">
        <DCC_Define>DEBUG;$(DCC_Define)</DCC_Define>
        <DCC_DebugDCUs>true</DCC_DebugDCUs>
        <DCC_Optimize>false</DCC_Optimize>
        <DCC_GenerateStackFrames>true</DCC_GenerateStackFrames>
        <DCC_DebugInfoInExe>true</DCC_DebugInfoInExe>
        <DCC_RemoteDebug>true</DCC_RemoteDebug>
    </PropertyGroup>
    <PropertyGroup Condition="'$(Cfg_1_Win32)'!=''">
        <DCC_ExeOutput>C:\PROJETOS\AUTOCOM\BIN\LIB\</DCC_ExeOutput>
        <VerInfo_Locale>1033</VerInfo_Locale>
        <VerInfo_IncludeVerInfo>true</VerInfo_IncludeVerInfo>
        <Debugger_HostApplication>Z:\E\PROJETOSXE5\bin\Gerencial.exe</Debugger_HostApplication>
        <DCC_RemoteDebug>false</DCC_RemoteDebug>
        <DCC_DcuOutput>C:\PROJETOS\AUTOCOM\DCU\</DCC_DcuOutput>
        <VerInfo_Keys>CompanyName=;FileVersion=1.0.0.0;InternalName=;LegalCopyright=;LegalTrademarks=;OriginalFilename=;ProductVersion=1.0.0.0;Comments=;ProgramID=com.embarcadero.$(MSBuildProjectName);FileDescription=$(MSBuildProjectName);ProductName=$(MSBuildProjectName)</VerInfo_Keys>
        <Manifest_File>$(BDS)\bin\default_app.manifest</Manifest_File>
    </PropertyGroup>
    <PropertyGroup Condition="'$(Cfg_2)'!=''">
        <DCC_LocalDebugSymbols>false</DCC_LocalDebugSymbols>
        <DCC_Define>RELEASE;$(DCC_Define)</DCC_Define>
        <DCC_SymbolReferenceInfo>0</DCC_SymbolReferenceInfo>
        <DCC_DebugInformation>0</DCC_DebugInformation>
    </PropertyGroup>
    <ItemGroup>
        <DelphiCompile Include="$(MainSource)">
            <MainSource>MainSource</MainSource>
        </DelphiCompile>
        <DCCReference Include="..\GERENCIAL\uDM.pas">
            <Form>DM</Form>
            <FormType>dfm</FormType>
            <DesignClass>TDataModule</DesignClass>
        </DCCReference>
        <DCCReference Include="..\COMUM\soap_server.pas"/>
        <DCCReference Include="..\COMUM\uAutocomConsts.pas"/>
        <DCCReference Include="..\COMUM\uFuncoes.pas"/>
        <DCCReference Include="..\COMUM\uMD5Print.pas"/>
        <DCCReference Include="..\COMUM\udm_ini.pas">
            <Form>DM_INI</Form>
            <DesignClass>TDataModule</DesignClass>
        </DCCReference>
        <DCCReference Include="..\COMUM\uTraducao.pas"/>
        <DCCReference Include="uLibera.pas">
            <Form>frmLibera</Form>
        </DCCReference>
        <DCCReference Include="..\COMUM\uViews.pas"/>
        <BuildConfiguration Include="Release">
            <Key>Cfg_2</Key>
            <CfgParent>Base</CfgParent>
        </BuildConfiguration>
        <BuildConfiguration Include="Base">
            <Key>Base</Key>
        </BuildConfiguration>
        <BuildConfiguration Include="Debug">
            <Key>Cfg_1</Key>
            <CfgParent>Base</CfgParent>
        </BuildConfiguration>
    </ItemGroup>
    <ProjectExtensions>
        <Borland.Personality>Delphi.Personality.12</Borland.Personality>
        <Borland.ProjectType/>
        <BorlandProject>
            <Delphi.Personality>
                <VersionInfo>
                    <VersionInfo Name="IncludeVerInfo">False</VersionInfo>
                    <VersionInfo Name="AutoIncBuild">False</VersionInfo>
                    <VersionInfo Name="MajorVer">1</VersionInfo>
                    <VersionInfo Name="MinorVer">0</VersionInfo>
                    <VersionInfo Name="Release">0</VersionInfo>
                    <VersionInfo Name="Build">0</VersionInfo>
                    <VersionInfo Name="Debug">False</VersionInfo>
                    <VersionInfo Name="PreRelease">False</VersionInfo>
                    <VersionInfo Name="Special">False</VersionInfo>
                    <VersionInfo Name="Private">False</VersionInfo>
                    <VersionInfo Name="DLL">False</VersionInfo>
                    <VersionInfo Name="Locale">1046</VersionInfo>
                    <VersionInfo Name="CodePage">1252</VersionInfo>
                </VersionInfo>
                <VersionInfoKeys>
                    <VersionInfoKeys Name="CompanyName"/>
                    <VersionInfoKeys Name="FileDescription"/>
                    <VersionInfoKeys Name="FileVersion">1.0.0.0</VersionInfoKeys>
                    <VersionInfoKeys Name="InternalName"/>
                    <VersionInfoKeys Name="LegalCopyright"/>
                    <VersionInfoKeys Name="LegalTrademarks"/>
                    <VersionInfoKeys Name="OriginalFilename"/>
                    <VersionInfoKeys Name="ProductName"/>
                    <VersionInfoKeys Name="ProductVersion">1.0.0.0</VersionInfoKeys>
                    <VersionInfoKeys Name="Comments"/>
                    <VersionInfoKeys Name="CFBundleName"/>
                    <VersionInfoKeys Name="CFBundleDisplayName"/>
                    <VersionInfoKeys Name="UIDeviceFamily"/>
                    <VersionInfoKeys Name="CFBundleIdentifier"/>
                    <VersionInfoKeys Name="CFBundleVersion"/>
                    <VersionInfoKeys Name="CFBundlePackageType"/>
                    <VersionInfoKeys Name="CFBundleSignature"/>
                    <VersionInfoKeys Name="CFBundleAllowMixedLocalizations"/>
                    <VersionInfoKeys Name="UISupportedInterfaceOrientations"/>
                    <VersionInfoKeys Name="CFBundleExecutable"/>
                    <VersionInfoKeys Name="CFBundleResourceSpecification"/>
                    <VersionInfoKeys Name="LSRequiresIPhoneOS"/>
                    <VersionInfoKeys Name="CFBundleInfoDictionaryVersion"/>
                    <VersionInfoKeys Name="CFBundleDevelopmentRegion"/>
                </VersionInfoKeys>
                <Source>
                    <Source Name="MainSource">softlock.dpr</Source>
                </Source>
                <Excluded_Packages>
                    <Excluded_Packages Name="C:\Windows\SYSTEM32\fs25.bpl">(untitled)</Excluded_Packages>
                    <Excluded_Packages Name="C:\Windows\SYSTEM32\fsDB25.bpl">(untitled)</Excluded_Packages>
                    <Excluded_Packages Name="C:\Windows\SYSTEM32\frxDB25.bpl">(untitled)</Excluded_Packages>
                    <Excluded_Packages Name="C:\Windows\SYSTEM32\frx25.bpl">(untitled)</Excluded_Packages>
                    <Excluded_Packages Name="C:\Windows\SYSTEM32\frxe25.bpl">(untitled)</Excluded_Packages>
                    <Excluded_Packages Name="$(BDSBIN)\bcboffice2k250.bpl">Embarcadero C++Builder Office 2000 Servers Package</Excluded_Packages>
                    <Excluded_Packages Name="$(BDSBIN)\bcbofficexp250.bpl">Embarcadero C++Builder Office XP Servers Package</Excluded_Packages>
                    <Excluded_Packages Name="$(BDSBIN)\dcloffice2k250.bpl">Microsoft Office 2000 Sample Automation Server Wrapper Components</Excluded_Packages>
                    <Excluded_Packages Name="$(BDSBIN)\dclofficexp250.bpl">Microsoft Office XP Sample Automation Server Wrapper Components</Excluded_Packages>
                </Excluded_Packages>
            </Delphi.Personality>
            <Deployment/>
            <Platforms>
                <Platform value="Win32">True</Platform>
                <Platform value="Win64">False</Platform>
            </Platforms>
        </BorlandProject>
        <ProjectFileVersion>12</ProjectFileVersion>
    </ProjectExtensions>
    <Import Project="$(BDS)\Bin\CodeGear.Delphi.Targets" Condition="Exists('$(BDS)\Bin\CodeGear.Delphi.Targets')"/>
    <Import Project="$(APPDATA)\Embarcadero\$(BDSAPPDATABASEDIR)\$(PRODUCTVERSION)\UserTools.proj" Condition="Exists('$(APPDATA)\Embarcadero\$(BDSAPPDATABASEDIR)\$(PRODUCTVERSION)\UserTools.proj')"/>
    <Import Project="$(MSBuildProjectName).deployproj" Condition="Exists('$(MSBuildProjectName).deployproj')"/>
</Project>
